<?xml version="1.0" encoding="utf-8"?>
<Project ToolsVersion="4.0" xmlns="http://schemas.microsoft.com/developer/msbuild/2003">
  <ItemGroup>
    <Filter Include="Source Files">
      <UniqueIdentifier>{4FC737F1-C7A5-4376-A066-2A32D752A2FF}</UniqueIdentifier>
      <Extensions>cpp;c;cc;cxx;c++;cppm;ixx;def;odl;idl;hpj;bat;asm;asmx</Extensions>
    </Filter>
    <Filter Include="Header Files">
      <UniqueIdentifier>{93995380-89BD-4b04-88EB-625FBE52EBFB}</UniqueIdentifier>
      <Extensions>h;hh;hpp;hxx;h++;hm;inl;inc;ipp;xsd</Extensions>
    </Filter>
    <Filter Include="Resource Files">
      <UniqueIdentifier>{67DA6AB6-F800-4c08-8B7A-83BB121AAD01}</UniqueIdentifier>
      <Extensions>rc;ico;cur;bmp;dlg;rc2;rct;bin;rgs;gif;jpg;jpeg;jpe;resx;tiff;tif;png;wav;mfcribbon-ms</Extensions>
    </Filter>
    <Filter Include="Resource Files\Shaders">
      <UniqueIdentifier>{5c88c600-f639-454d-b5f0-f98cc56a500b}</UniqueIdentifier>
    </Filter>
  </ItemGroup>
  <ItemGroup>
    <ClCompile Include="src\EntryPoint.cpp">
      <Filter>Source Files</Filter>
    </ClCompile>
    <ClCompile Include="src\Renderer\Camera.cpp">
      <Filter>Source Files</Filter>
    </ClCompile>
    <ClCompile Include="src\Renderer\Shader.cpp">
      <Filter>Source Files</Filter>
    </ClCompile>
    <ClCompile Include="src\Core\Window.cpp">
      <Filter>Source Files</Filter>
    </ClCompile>
    <ClCompile Include="src\Renderer\Mesh.cpp">
      <Filter>Source Files</Filter>
    </ClCompile>
    <ClCompile Include="src\Core\Entity.cpp">
      <Filter>Source Files</Filter>
    </ClCompile>
    <ClCompile Include="src\Core\GuiLayer.cpp">
      <Filter>Source Files</Filter>
    </ClCompile>
    <ClCompile Include="src\Renderer\Texture.cpp">
      <Filter>Source Files</Filter>
    </ClCompile>
    <ClCompile Include="src\Renderer\Light.cpp">
      <Filter>Source Files</Filter>
    </ClCompile>
    <ClCompile Include="src\Renderer\PointLight.cpp">
      <Filter>Source Files</Filter>
    </ClCompile>
    <ClCompile Include="src\Renderer\Model.cpp">
      <Filter>Source Files</Filter>
    </ClCompile>
    <ClCompile Include="src\Renderer\Skybox.cpp">
      <Filter>Source Files</Filter>
    </ClCompile>
    <ClCompile Include="src\Core\Utility.cpp">
      <Filter>Source Files</Filter>
    </ClCompile>
    <ClCompile Include="src\Renderer\DirectionalLight.cpp">
      <Filter>Source Files</Filter>
    </ClCompile>
    <ClCompile Include="src\Renderer\ShadowMap.cpp">
      <Filter>Source Files</Filter>
    </ClCompile>
    <ClCompile Include="src\Renderer\OmniShadowMap.cpp">
      <Filter>Source Files</Filter>
    </ClCompile>
    <ClCompile Include="src\Renderer\SpotLight.cpp">
      <Filter>Source Files</Filter>
    </ClCompile>
    <ClCompile Include="src\Renderer\RenderTarget.cpp">
      <Filter>Source Files</Filter>
    </ClCompile>
    <ClCompile Include="src\Renderer\Material.cpp">
      <Filter>Source Files</Filter>
    </ClCompile>
    <ClCompile Include="src\Core\ResourceManager.cpp">
      <Filter>Source Files</Filter>
    </ClCompile>
    <ClCompile Include="vendor\stbimage\stb_image.cpp">
      <Filter>Source Files</Filter>
    </ClCompile>
  </ItemGroup>
  <ItemGroup>
    <ClInclude Include="src\Renderer\Camera.h">
      <Filter>Header Files</Filter>
    </ClInclude>
    <ClInclude Include="src\Renderer\Shader.h">
      <Filter>Header Files</Filter>
    </ClInclude>
    <ClInclude Include="src\Core\Window.h">
      <Filter>Header Files</Filter>
    </ClInclude>
    <ClInclude Include="src\Renderer\Mesh.h">
      <Filter>Header Files</Filter>
    </ClInclude>
    <ClInclude Include="src\Core\Entity.h">
      <Filter>Header Files</Filter>
    </ClInclude>
    <ClInclude Include="src\Core\GuiLayer.h">
      <Filter>Header Files</Filter>
    </ClInclude>
    <ClInclude Include="src\Renderer\Texture.h">
      <Filter>Header Files</Filter>
    </ClInclude>
    <ClInclude Include="src\Renderer\Light.h">
      <Filter>Header Files</Filter>
    </ClInclude>
    <ClInclude Include="src\Renderer\PointLight.h">
      <Filter>Header Files</Filter>
    </ClInclude>
    <ClInclude Include="src\Renderer\Model.h">
      <Filter>Header Files</Filter>
    </ClInclude>
    <ClInclude Include="src\Renderer\Skybox.h">
      <Filter>Header Files</Filter>
    </ClInclude>
    <ClInclude Include="src\Core\Utility.h">
      <Filter>Header Files</Filter>
    </ClInclude>
    <ClInclude Include="src\Core\Random.hpp">
      <Filter>Resource Files</Filter>
    </ClInclude>
    <ClInclude Include="src\Renderer\Vertex.hpp">
      <Filter>Resource Files</Filter>
    </ClInclude>
    <ClInclude Include="src\Core\Timer.hpp">
      <Filter>Resource Files</Filter>
    </ClInclude>
    <ClInclude Include="src\Renderer\DirectionalLight.h">
      <Filter>Header Files</Filter>
    </ClInclude>
    <ClInclude Include="src\Renderer\ShadowMap.h">
      <Filter>Header Files</Filter>
    </ClInclude>
    <ClInclude Include="src\Renderer\OmniShadowMap.h">
      <Filter>Header Files</Filter>
    </ClInclude>
    <ClInclude Include="src\Renderer\SpotLight.h">
      <Filter>Header Files</Filter>
    </ClInclude>
    <ClInclude Include="src\Renderer\RenderTarget.h">
      <Filter>Header Files</Filter>
    </ClInclude>
    <ClInclude Include="src\Renderer\Material.h">
      <Filter>Header Files</Filter>
    </ClInclude>
    <ClInclude Include="src\Core\ResourceManager.h">
      <Filter>Header Files</Filter>
    </ClInclude>
  </ItemGroup>
  <ItemGroup>
    <None Include="assets\Shaders\Frag.glsl">
      <Filter>Resource Files\Shaders</Filter>
    </None>
    <None Include="assets\Shaders\Vertex.glsl">
      <Filter>Resource Files\Shaders</Filter>
    </None>
    <None Include="assets\Shaders\SkyboxFrag.glsl">
      <Filter>Resource Files\Shaders</Filter>
    </None>
    <None Include="assets\Shaders\SkyboxVert.glsl">
      <Filter>Resource Files\Shaders</Filter>
    </None>
    <None Include="assets\Shaders\EquirectangularToCubemapFrag.glsl">
      <Filter>Resource Files\Shaders</Filter>
    </None>
    <None Include="assets\Shaders\EquirectangularToCubemapVert.glsl">
      <Filter>Resource Files\Shaders</Filter>
    </None>
    <None Include="assets\Shaders\IrradianceConvolutionFrag.glsl">
      <Filter>Resource Files\Shaders</Filter>
    </None>
    <None Include="assets\Shaders\FlatShadingFrag.glsl">
      <Filter>Resource Files\Shaders</Filter>
    </None>
    <None Include="assets\Shaders\PrefilterFrag.glsl">
      <Filter>Resource Files\Shaders</Filter>
    </None>
    <None Include="assets\Shaders\AnimationFrag.glsl">
      <Filter>Resource Files\Shaders</Filter>
    </None>
    <None Include="assets\Shaders\AnimationVert.glsl">
      <Filter>Resource Files\Shaders</Filter>
    </None>
    <None Include="assets\Shaders\BRDFShaderFrag.glsl">
      <Filter>Resource Files\Shaders</Filter>
    </None>
    <None Include="assets\Shaders\BRDFShaderVert.glsl">
      <Filter>Resource Files\Shaders</Filter>
    </None>
    <None Include="assets\Shaders\DirectionShadowMapFrag.glsl">
      <Filter>Resource Files\Shaders</Filter>
    </None>
    <None Include="assets\Shaders\DirectionShadowMapVert.glsl">
      <Filter>Resource Files\Shaders</Filter>
    </None>
    <None Include="assets\Shaders\OmniShadowMapShaderVert.glsl">
      <Filter>Resource Files\Shaders</Filter>
    </None>
    <None Include="assets\Shaders\OmniShadowMapShaderFrag.glsl">
      <Filter>Resource Files\Shaders</Filter>
    </None>
    <None Include="assets\Shaders\OmniShadowMapShaderGeom.glsl">
      <Filter>Resource Files\Shaders</Filter>
    </None>
    <None Include="assets\Shaders\QuadShaderFrag.glsl">
      <Filter>Resource Files\Shaders</Filter>
    </None>
    <None Include="assets\Shaders\QuadShaderVert.glsl">
      <Filter>Resource Files\Shaders</Filter>
    </None>
  </ItemGroup>
</Project>